
Microsoft Visual Studio Solution File, Format Version 12.00
# Visual Studio Version 16
VisualStudioVersion = 16.0.30711.63
MinimumVisualStudioVersion = 10.0.40219.1
Project("{9A19103F-16F7-4668-BE54-9A1E7A4F7556}") = "ServerApp", "ServerApp.csproj", "{E6DA4B4D-FA6E-47A3-9380-C48E635ECBF6}"
EndProject
Project("{9A19103F-16F7-4668-BE54-9A1E7A4F7556}") = "UnitTestProject1", "Tests\UnitTestProject1\UnitTestProject1.csproj", "{E4746387-FE6B-4A2A-BAC2-3BBE59086267}"
EndProject
Global
	GlobalSection(SolutionConfigurationPlatforms) = preSolution
		Debug|Any CPU = Debug|Any CPU
		Release|Any CPU = Release|Any CPU
	EndGlobalSection
	GlobalSection(ProjectConfigurationPlatforms) = postSolution
		{E6DA4B4D-FA6E-47A3-9380-C48E635ECBF6}.Debug|Any CPU.ActiveCfg = Debug|Any CPU
		{E6DA4B4D-FA6E-47A3-9380-C48E635ECBF6}.Debug|Any CPU.Build.0 = Debug|Any CPU
		{E6DA4B4D-FA6E-47A3-9380-C48E635ECBF6}.Release|Any CPU.ActiveCfg = Release|Any CPU
		{E6DA4B4D-FA6E-47A3-9380-C48E635ECBF6}.Release|Any CPU.Build.0 = Release|Any CPU
		{E4746387-FE6B-4A2A-BAC2-3BBE59086267}.Debug|Any CPU.ActiveCfg = Debug|Any CPU
		{E4746387-FE6B-4A2A-BAC2-3BBE59086267}.Debug|Any CPU.Build.0 = Debug|Any CPU
		{E4746387-FE6B-4A2A-BAC2-3BBE59086267}.Release|Any CPU.ActiveCfg = Release|Any CPU
		{E4746387-FE6B-4A2A-BAC2-3BBE59086267}.Release|Any CPU.Build.0 = Release|Any CPU
	EndGlobalSection
	GlobalSection(SolutionProperties) = preSolution
		HideSolutionNode = FALSE
	EndGlobalSection
	GlobalSection(ExtensibilityGlobals) = postSolution
		SolutionGuid = {10AD79DF-CD2F-458B-AD3C-F30C529F8A5C}
	EndGlobalSection
EndGlobal
